
Microsoft Visual Studio Solution File, Format Version 12.00
# Visual Studio Version 16
VisualStudioVersion = 16.0.31624.102
MinimumVisualStudioVersion = 10.0.40219.1
Project("{FAE04EC0-301F-11D3-BF4B-00C04F79EFBC}") = "LearningConsole", "LearningConsole.csproj", "{13A38A7B-149D-496A-82E1-B7AF286F3FB7}"
EndProject
Project("{FAE04EC0-301F-11D3-BF4B-00C04F79EFBC}") = "AarushiLearning", "..\AarushiLearning\AarushiLearning.csproj", "{5EB7C42E-6A37-4DDF-A054-70FFB30ED9EA}"
EndProject
Project("{FAE04EC0-301F-11D3-BF4B-00C04F79EFBC}") = "SimranLearning", "..\SimranLearning\SimranLearning.csproj", "{6776B4C0-30B0-4413-BC49-E8403C17B375}"
EndProject
Global
	GlobalSection(SolutionConfigurationPlatforms) = preSolution
		Debug|Any CPU = Debug|Any CPU
		Release|Any CPU = Release|Any CPU
	EndGlobalSection
	GlobalSection(ProjectConfigurationPlatforms) = postSolution
		{13A38A7B-149D-496A-82E1-B7AF286F3FB7}.Debug|Any CPU.ActiveCfg = Debug|Any CPU
		{13A38A7B-149D-496A-82E1-B7AF286F3FB7}.Debug|Any CPU.Build.0 = Debug|Any CPU
		{13A38A7B-149D-496A-82E1-B7AF286F3FB7}.Release|Any CPU.ActiveCfg = Release|Any CPU
		{13A38A7B-149D-496A-82E1-B7AF286F3FB7}.Release|Any CPU.Build.0 = Release|Any CPU
		{5EB7C42E-6A37-4DDF-A054-70FFB30ED9EA}.Debug|Any CPU.ActiveCfg = Debug|Any CPU
		{5EB7C42E-6A37-4DDF-A054-70FFB30ED9EA}.Debug|Any CPU.Build.0 = Debug|Any CPU
		{5EB7C42E-6A37-4DDF-A054-70FFB30ED9EA}.Release|Any CPU.ActiveCfg = Release|Any CPU
		{5EB7C42E-6A37-4DDF-A054-70FFB30ED9EA}.Release|Any CPU.Build.0 = Release|Any CPU
		{6776B4C0-30B0-4413-BC49-E8403C17B375}.Debug|Any CPU.ActiveCfg = Debug|Any CPU
		{6776B4C0-30B0-4413-BC49-E8403C17B375}.Debug|Any CPU.Build.0 = Debug|Any CPU
		{6776B4C0-30B0-4413-BC49-E8403C17B375}.Release|Any CPU.ActiveCfg = Release|Any CPU
		{6776B4C0-30B0-4413-BC49-E8403C17B375}.Release|Any CPU.Build.0 = Release|Any CPU
	EndGlobalSection
	GlobalSection(SolutionProperties) = preSolution
		HideSolutionNode = FALSE
	EndGlobalSection
	GlobalSection(ExtensibilityGlobals) = postSolution
		SolutionGuid = {D6BD3DEE-6082-438C-8D1B-43F78DE992EB}
	EndGlobalSection
EndGlobal
